
Microsoft Visual Studio Solution File, Format Version 12.00
# Visual Studio 2012
Project("{FAE04EC0-301F-11D3-BF4B-00C04F79EFBC}") = "SampleVS_Proj", "SampleVS_Proj\SampleVS_Proj.csproj", "{9FF1A938-68F6-4145-82F8-8C65AA1337AF}"
EndProject
Global
	GlobalSection(SolutionConfigurationPlatforms) = preSolution
		Debug|Any CPU = Debug|Any CPU
		Release|Any CPU = Release|Any CPU
	EndGlobalSection
	GlobalSection(ProjectConfigurationPlatforms) = postSolution
		{9FF1A938-68F6-4145-82F8-8C65AA1337AF}.Debug|Any CPU.ActiveCfg = Debug|Any CPU
		{9FF1A938-68F6-4145-82F8-8C65AA1337AF}.Debug|Any CPU.Build.0 = Debug|Any CPU
		{9FF1A938-68F6-4145-82F8-8C65AA1337AF}.Debug|Any CPU.Deploy.0 = Debug|Any CPU
		{9FF1A938-68F6-4145-82F8-8C65AA1337AF}.Release|Any CPU.ActiveCfg = Release|Any CPU
		{9FF1A938-68F6-4145-82F8-8C65AA1337AF}.Release|Any CPU.Build.0 = Release|Any CPU
		{9FF1A938-68F6-4145-82F8-8C65AA1337AF}.Release|Any CPU.Deploy.0 = Release|Any CPU
	EndGlobalSection
	GlobalSection(SolutionProperties) = preSolution
		HideSolutionNode = FALSE
	EndGlobalSection
EndGlobal
